
Microsoft Visual Studio Solution File, Format Version 12.00
# Visual Studio Version 17
VisualStudioVersion = 17.0.32014.148
MinimumVisualStudioVersion = 10.0.40219.1
Project("{FAE04EC0-301F-11D3-BF4B-00C04F79EFBC}") = "PrimeHomes", "PrimeHomes\PrimeHomes.csproj", "{4E0FDD63-50F2-4FD3-B710-087EA7C3BE8B}"
EndProject
Global
	GlobalSection(SolutionConfigurationPlatforms) = preSolution
		Debug|Any CPU = Debug|Any CPU
		Release|Any CPU = Release|Any CPU
	EndGlobalSection
	GlobalSection(ProjectConfigurationPlatforms) = postSolution
		{4E0FDD63-50F2-4FD3-B710-087EA7C3BE8B}.Debug|Any CPU.ActiveCfg = Debug|Any CPU
		{4E0FDD63-50F2-4FD3-B710-087EA7C3BE8B}.Debug|Any CPU.Build.0 = Debug|Any CPU
		{4E0FDD63-50F2-4FD3-B710-087EA7C3BE8B}.Release|Any CPU.ActiveCfg = Release|Any CPU
		{4E0FDD63-50F2-4FD3-B710-087EA7C3BE8B}.Release|Any CPU.Build.0 = Release|Any CPU
	EndGlobalSection
	GlobalSection(SolutionProperties) = preSolution
		HideSolutionNode = FALSE
	EndGlobalSection
	GlobalSection(ExtensibilityGlobals) = postSolution
		SolutionGuid = {B3129D6B-7D47-45A1-9B85-F33FFC81692D}
	EndGlobalSection
EndGlobal
